
Microsoft Visual Studio Solution File, Format Version 12.00
# Visual Studio 15
VisualStudioVersion = 15.0.28307.329
MinimumVisualStudioVersion = 10.0.40219.1
Project("{FAE04EC0-301F-11D3-BF4B-00C04F79EFBC}") = "testDelete", "testDelete\testDelete.csproj", "{0CEBCA03-450E-446F-AC86-8472A3E9A2DC}"
EndProject
Global
	GlobalSection(SolutionConfigurationPlatforms) = preSolution
		Debug|Any CPU = Debug|Any CPU
		Release|Any CPU = Release|Any CPU
	EndGlobalSection
	GlobalSection(ProjectConfigurationPlatforms) = postSolution
		{0CEBCA03-450E-446F-AC86-8472A3E9A2DC}.Debug|Any CPU.ActiveCfg = Debug|Any CPU
		{0CEBCA03-450E-446F-AC86-8472A3E9A2DC}.Debug|Any CPU.Build.0 = Debug|Any CPU
		{0CEBCA03-450E-446F-AC86-8472A3E9A2DC}.Release|Any CPU.ActiveCfg = Release|Any CPU
		{0CEBCA03-450E-446F-AC86-8472A3E9A2DC}.Release|Any CPU.Build.0 = Release|Any CPU
	EndGlobalSection
	GlobalSection(SolutionProperties) = preSolution
		HideSolutionNode = FALSE
	EndGlobalSection
	GlobalSection(ExtensibilityGlobals) = postSolution
		SolutionGuid = {10A40D5F-41DA-4BB3-97EB-4734539F1F01}
	EndGlobalSection
EndGlobal
